{
  "name": "selena-web",
  "version": "2.0.0",
  "lockfileVersion": 3,
  "requires": true,
  "packages": {
    "": {
      "name": "selena-web",
      "version": "2.0.0",
      "license": "MIT",
      "devDependencies": {
        "@total-typescript/shoehorn": "^0.1.2"
      }
    },
    "node_modules/@total-typescript/shoehorn": {
      "version": "0.1.2",
      "resolved": "https://registry.npmjs.org/@total-typescript/shoehorn/-/shoehorn-0.1.2.tgz",
      "integrity": "sha512-p7nNZbOZIofpDNyP0u1BctFbjxD44Qc+oO5jufgQdFdGIXJLc33QRloJpq7k5T59CTgLWfQSUxsuqLcmeurYRw==",
      "dev": true,
      "license": "MIT"
    }
  }
}
